// !$*UTF8*$!
{
	archiveVersion = 1;
	classes = {
	};
	objectVersion = 46;
	objects = {

/* Begin PBXBuildFile section */
		9E4F63E81ED814420087E639 /* AppDelegate.swift in Sources */ = {isa = PBXBuildFile; fileRef = 9E4F63E71ED814420087E639 /* AppDelegate.swift */; };
		9E4F63ED1ED814420087E639 /* Main.storyboard in Resources */ = {isa = PBXBuildFile; fileRef = 9E4F63EB1ED814420087E639 /* Main.storyboard */; };
		9E4F63EF1ED814420087E639 /* Assets.xcassets in Resources */ = {isa = PBXBuildFile; fileRef = 9E4F63EE1ED814420087E639 /* Assets.xcassets */; };
		9E4F63F21ED814420087E639 /* LaunchScreen.storyboard in Resources */ = {isa = PBXBuildFile; fileRef = 9E4F63F01ED814420087E639 /* LaunchScreen.storyboard */; };
		9E4F63FA1ED814920087E639 /* ListTableViewController.swift in Sources */ = {isa = PBXBuildFile; fileRef = 9E4F63F91ED814920087E639 /* ListTableViewController.swift */; };
		9E4F63FC1ED8182B0087E639 /* airports.plist in Resources */ = {isa = PBXBuildFile; fileRef = 9E4F63FB1ED8182B0087E639 /* airports.plist */; };
		9E4F64251ED818340087E639 /* MNL.jpg in Resources */ = {isa = PBXBuildFile; fileRef = 9E4F63FD1ED818330087E639 /* MNL.jpg */; };
		9E4F64261ED818340087E639 /* GMP.jpg in Resources */ = {isa = PBXBuildFile; fileRef = 9E4F63FE1ED818340087E639 /* GMP.jpg */; };
		9E4F64271ED818340087E639 /* IAD.jpg in Resources */ = {isa = PBXBuildFile; fileRef = 9E4F63FF1ED818340087E639 /* IAD.jpg */; };
		9E4F64281ED818340087E639 /* MUC.jpg in Resources */ = {isa = PBXBuildFile; fileRef = 9E4F64001ED818340087E639 /* MUC.jpg */; };
		9E4F64291ED818340087E639 /* KUL.jpg in Resources */ = {isa = PBXBuildFile; fileRef = 9E4F64011ED818340087E639 /* KUL.jpg */; };
		9E4F642A1ED818340087E639 /* IAH.jpg in Resources */ = {isa = PBXBuildFile; fileRef = 9E4F64021ED818340087E639 /* IAH.jpg */; };
		9E4F642B1ED818340087E639 /* ORD.jpg in Resources */ = {isa = PBXBuildFile; fileRef = 9E4F64031ED818340087E639 /* ORD.jpg */; };
		9E4F642C1ED818340087E639 /* TSA.jpg in Resources */ = {isa = PBXBuildFile; fileRef = 9E4F64041ED818340087E639 /* TSA.jpg */; };
		9E4F642D1ED818340087E639 /* YYZ.jpg in Resources */ = {isa = PBXBuildFile; fileRef = 9E4F64051ED818340087E639 /* YYZ.jpg */; };
		9E4F642E1ED818340087E639 /* EDI.jpg in Resources */ = {isa = PBXBuildFile; fileRef = 9E4F64061ED818340087E639 /* EDI.jpg */; };
		9E4F642F1ED818340087E639 /* DME.jpg in Resources */ = {isa = PBXBuildFile; fileRef = 9E4F64071ED818340087E639 /* DME.jpg */; };
		9E4F64301ED818340087E639 /* SVO.jpg in Resources */ = {isa = PBXBuildFile; fileRef = 9E4F64081ED818340087E639 /* SVO.jpg */; };
		9E4F64311ED818340087E639 /* DTW.jpg in Resources */ = {isa = PBXBuildFile; fileRef = 9E4F64091ED818340087E639 /* DTW.jpg */; };
		9E4F64321ED818340087E639 /* ATL.jpg in Resources */ = {isa = PBXBuildFile; fileRef = 9E4F640A1ED818340087E639 /* ATL.jpg */; };
		9E4F64331ED818340087E639 /* SEA.jpg in Resources */ = {isa = PBXBuildFile; fileRef = 9E4F640B1ED818340087E639 /* SEA.jpg */; };
		9E4F64341ED818340087E639 /* CDG.jpg in Resources */ = {isa = PBXBuildFile; fileRef = 9E4F640C1ED818340087E639 /* CDG.jpg */; };
		9E4F64351ED818340087E639 /* SYD.jpg in Resources */ = {isa = PBXBuildFile; fileRef = 9E4F640D1ED818340087E639 /* SYD.jpg */; };
		9E4F64361ED818340087E639 /* YVR.jpg in Resources */ = {isa = PBXBuildFile; fileRef = 9E4F640E1ED818340087E639 /* YVR.jpg */; };
		9E4F64371ED818340087E639 /* CTS.jpg in Resources */ = {isa = PBXBuildFile; fileRef = 9E4F640F1ED818340087E639 /* CTS.jpg */; };
		9E4F64381ED818340087E639 /* OKA.jpg in Resources */ = {isa = PBXBuildFile; fileRef = 9E4F64101ED818340087E639 /* OKA.jpg */; };
		9E4F64391ED818340087E639 /* NGO.jpg in Resources */ = {isa = PBXBuildFile; fileRef = 9E4F64111ED818340087E639 /* NGO.jpg */; };
		9E4F643A1ED818340087E639 /* FRA.jpg in Resources */ = {isa = PBXBuildFile; fileRef = 9E4F64121ED818340087E639 /* FRA.jpg */; };
		9E4F643B1ED818340087E639 /* BKK.jpg in Resources */ = {isa = PBXBuildFile; fileRef = 9E4F64131ED818340087E639 /* BKK.jpg */; };
		9E4F643C1ED818340087E639 /* AMS.jpg in Resources */ = {isa = PBXBuildFile; fileRef = 9E4F64141ED818340087E639 /* AMS.jpg */; };
		9E4F643D1ED818340087E639 /* CKG.jpg in Resources */ = {isa = PBXBuildFile; fileRef = 9E4F64151ED818340087E639 /* CKG.jpg */; };
		9E4F643E1ED818340087E639 /* TPE.jpg in Resources */ = {isa = PBXBuildFile; fileRef = 9E4F64161ED818340087E639 /* TPE.jpg */; };
		9E4F643F1ED818340087E639 /* CAN.jpg in Resources */ = {isa = PBXBuildFile; fileRef = 9E4F64171ED818340087E639 /* CAN.jpg */; };
		9E4F64401ED818340087E639 /* PVG.jpg in Resources */ = {isa = PBXBuildFile; fileRef = 9E4F64181ED818340087E639 /* PVG.jpg */; };
		9E4F64411ED818340087E639 /* PEK.jpg in Resources */ = {isa = PBXBuildFile; fileRef = 9E4F64191ED818340087E639 /* PEK.jpg */; };
		9E4F64421ED818340087E639 /* ICN.jpg in Resources */ = {isa = PBXBuildFile; fileRef = 9E4F641A1ED818340087E639 /* ICN.jpg */; };
		9E4F64431ED818340087E639 /* HKG.jpg in Resources */ = {isa = PBXBuildFile; fileRef = 9E4F641B1ED818340087E639 /* HKG.jpg */; };
		9E4F64441ED818340087E639 /* KIX.jpg in Resources */ = {isa = PBXBuildFile; fileRef = 9E4F641C1ED818340087E639 /* KIX.jpg */; };
		9E4F64451ED818340087E639 /* LHR.jpg in Resources */ = {isa = PBXBuildFile; fileRef = 9E4F641D1ED818340087E639 /* LHR.jpg */; };
		9E4F64461ED818340087E639 /* JFK.jpg in Resources */ = {isa = PBXBuildFile; fileRef = 9E4F641E1ED818340087E639 /* JFK.jpg */; };
		9E4F64471ED818340087E639 /* KHH.jpg in Resources */ = {isa = PBXBuildFile; fileRef = 9E4F641F1ED818340087E639 /* KHH.jpg */; };
		9E4F64481ED818340087E639 /* SIN.jpg in Resources */ = {isa = PBXBuildFile; fileRef = 9E4F64201ED818340087E639 /* SIN.jpg */; };
		9E4F64491ED818340087E639 /* HND.jpg in Resources */ = {isa = PBXBuildFile; fileRef = 9E4F64211ED818340087E639 /* HND.jpg */; };
		9E4F644A1ED818340087E639 /* NRT.jpg in Resources */ = {isa = PBXBuildFile; fileRef = 9E4F64221ED818340087E639 /* NRT.jpg */; };
		9E4F644B1ED818340087E639 /* LAX.jpg in Resources */ = {isa = PBXBuildFile; fileRef = 9E4F64231ED818340087E639 /* LAX.jpg */; };
		9E4F644C1ED818340087E639 /* SFO.jpg in Resources */ = {isa = PBXBuildFile; fileRef = 9E4F64241ED818340087E639 /* SFO.jpg */; };
		9E99B7EE1EDDA0930012997C /* AirportShownViewController.swift in Sources */ = {isa = PBXBuildFile; fileRef = 9E99B7ED1EDDA0930012997C /* AirportShownViewController.swift */; };
/* End PBXBuildFile section */

/* Begin PBXFileReference section */
		9E4F63E41ED814420087E639 /* MAPAirportList.app */ = {isa = PBXFileReference; explicitFileType = wrapper.application; includeInIndex = 0; path = MAPAirportList.app; sourceTree = BUILT_PRODUCTS_DIR; };
		9E4F63E71ED814420087E639 /* AppDelegate.swift */ = {isa = PBXFileReference; lastKnownFileType = sourcecode.swift; path = AppDelegate.swift; sourceTree = "<group>"; };
		9E4F63EC1ED814420087E639 /* Base */ = {isa = PBXFileReference; lastKnownFileType = file.storyboard; name = Base; path = Base.lproj/Main.storyboard; sourceTree = "<group>"; };
		9E4F63EE1ED814420087E639 /* Assets.xcassets */ = {isa = PBXFileReference; lastKnownFileType = folder.assetcatalog; path = Assets.xcassets; sourceTree = "<group>"; };
		9E4F63F11ED814420087E639 /* Base */ = {isa = PBXFileReference; lastKnownFileType = file.storyboard; name = Base; path = Base.lproj/LaunchScreen.storyboard; sourceTree = "<group>"; };
		9E4F63F31ED814420087E639 /* Info.plist */ = {isa = PBXFileReference; lastKnownFileType = text.plist.xml; path = Info.plist; sourceTree = "<group>"; };
		9E4F63F91ED814920087E639 /* ListTableViewController.swift */ = {isa = PBXFileReference; fileEncoding = 4; lastKnownFileType = sourcecode.swift; path = ListTableViewController.swift; sourceTree = "<group>"; };
		9E4F63FB1ED8182B0087E639 /* airports.plist */ = {isa = PBXFileReference; fileEncoding = 4; lastKnownFileType = text.plist.xml; name = airports.plist; path = "../../Airports Data/airports.plist"; sourceTree = "<group>"; };
		9E4F63FD1ED818330087E639 /* MNL.jpg */ = {isa = PBXFileReference; lastKnownFileType = image.jpeg; name = MNL.jpg; path = "../../Airports Data/MNL.jpg"; sourceTree = "<group>"; };
		9E4F63FE1ED818340087E639 /* GMP.jpg */ = {isa = PBXFileReference; lastKnownFileType = image.jpeg; name = GMP.jpg; path = "../../Airports Data/GMP.jpg"; sourceTree = "<group>"; };
		9E4F63FF1ED818340087E639 /* IAD.jpg */ = {isa = PBXFileReference; lastKnownFileType = image.jpeg; name = IAD.jpg; path = "../../Airports Data/IAD.jpg"; sourceTree = "<group>"; };
		9E4F64001ED818340087E639 /* MUC.jpg */ = {isa = PBXFileReference; lastKnownFileType = image.jpeg; name = MUC.jpg; path = "../../Airports Data/MUC.jpg"; sourceTree = "<group>"; };
		9E4F64011ED818340087E639 /* KUL.jpg */ = {isa = PBXFileReference; lastKnownFileType = image.jpeg; name = KUL.jpg; path = "../../Airports Data/KUL.jpg"; sourceTree = "<group>"; };
		9E4F64021ED818340087E639 /* IAH.jpg */ = {isa = PBXFileReference; lastKnownFileType = image.jpeg; name = IAH.jpg; path = "../../Airports Data/IAH.jpg"; sourceTree = "<group>"; };
		9E4F64031ED818340087E639 /* ORD.jpg */ = {isa = PBXFileReference; lastKnownFileType = image.jpeg; name = ORD.jpg; path = "../../Airports Data/ORD.jpg"; sourceTree = "<group>"; };
		9E4F64041ED818340087E639 /* TSA.jpg */ = {isa = PBXFileReference; lastKnownFileType = image.jpeg; name = TSA.jpg; path = "../../Airports Data/TSA.jpg"; sourceTree = "<group>"; };
		9E4F64051ED818340087E639 /* YYZ.jpg */ = {isa = PBXFileReference; lastKnownFileType = image.jpeg; name = YYZ.jpg; path = "../../Airports Data/YYZ.jpg"; sourceTree = "<group>"; };
		9E4F64061ED818340087E639 /* EDI.jpg */ = {isa = PBXFileReference; lastKnownFileType = image.jpeg; name = EDI.jpg; path = "../../Airports Data/EDI.jpg"; sourceTree = "<group>"; };
		9E4F64071ED818340087E639 /* DME.jpg */ = {isa = PBXFileReference; lastKnownFileType = image.jpeg; name = DME.jpg; path = "../../Airports Data/DME.jpg"; sourceTree = "<group>"; };
		9E4F64081ED818340087E639 /* SVO.jpg */ = {isa = PBXFileReference; lastKnownFileType = image.jpeg; name = SVO.jpg; path = "../../Airports Data/SVO.jpg"; sourceTree = "<group>"; };
		9E4F64091ED818340087E639 /* DTW.jpg */ = {isa = PBXFileReference; lastKnownFileType = image.jpeg; name = DTW.jpg; path = "../../Airports Data/DTW.jpg"; sourceTree = "<group>"; };
		9E4F640A1ED818340087E639 /* ATL.jpg */ = {isa = PBXFileReference; lastKnownFileType = image.jpeg; name = ATL.jpg; path = "../../Airports Data/ATL.jpg"; sourceTree = "<group>"; };
		9E4F640B1ED818340087E639 /* SEA.jpg */ = {isa = PBXFileReference; lastKnownFileType = image.jpeg; name = SEA.jpg; path = "../../Airports Data/SEA.jpg"; sourceTree = "<group>"; };
		9E4F640C1ED818340087E639 /* CDG.jpg */ = {isa = PBXFileReference; lastKnownFileType = image.jpeg; name = CDG.jpg; path = "../../Airports Data/CDG.jpg"; sourceTree = "<group>"; };
		9E4F640D1ED818340087E639 /* SYD.jpg */ = {isa = PBXFileReference; lastKnownFileType = image.jpeg; name = SYD.jpg; path = "../../Airports Data/SYD.jpg"; sourceTree = "<group>"; };
		9E4F640E1ED818340087E639 /* YVR.jpg */ = {isa = PBXFileReference; lastKnownFileType = image.jpeg; name = YVR.jpg; path = "../../Airports Data/YVR.jpg"; sourceTree = "<group>"; };
		9E4F640F1ED818340087E639 /* CTS.jpg */ = {isa = PBXFileReference; lastKnownFileType = image.jpeg; name = CTS.jpg; path = "../../Airports Data/CTS.jpg"; sourceTree = "<group>"; };
		9E4F64101ED818340087E639 /* OKA.jpg */ = {isa = PBXFileReference; lastKnownFileType = image.jpeg; name = OKA.jpg; path = "../../Airports Data/OKA.jpg"; sourceTree = "<group>"; };
		9E4F64111ED818340087E639 /* NGO.jpg */ = {isa = PBXFileReference; lastKnownFileType = image.jpeg; name = NGO.jpg; path = "../../Airports Data/NGO.jpg"; sourceTree = "<group>"; };
		9E4F64121ED818340087E639 /* FRA.jpg */ = {isa = PBXFileReference; lastKnownFileType = image.jpeg; name = FRA.jpg; path = "../../Airports Data/FRA.jpg"; sourceTree = "<group>"; };
		9E4F64131ED818340087E639 /* BKK.jpg */ = {isa = PBXFileReference; lastKnownFileType = image.jpeg; name = BKK.jpg; path = "../../Airports Data/BKK.jpg"; sourceTree = "<group>"; };
		9E4F64141ED818340087E639 /* AMS.jpg */ = {isa = PBXFileReference; lastKnownFileType = image.jpeg; name = AMS.jpg; path = "../../Airports Data/AMS.jpg"; sourceTree = "<group>"; };
		9E4F64151ED818340087E639 /* CKG.jpg */ = {isa = PBXFileReference; lastKnownFileType = image.jpeg; name = CKG.jpg; path = "../../Airports Data/CKG.jpg"; sourceTree = "<group>"; };
		9E4F64161ED818340087E639 /* TPE.jpg */ = {isa = PBXFileReference; lastKnownFileType = image.jpeg; name = TPE.jpg; path = "../../Airports Data/TPE.jpg"; sourceTree = "<group>"; };
		9E4F64171ED818340087E639 /* CAN.jpg */ = {isa = PBXFileReference; lastKnownFileType = image.jpeg; name = CAN.jpg; path = "../../Airports Data/CAN.jpg"; sourceTree = "<group>"; };
		9E4F64181ED818340087E639 /* PVG.jpg */ = {isa = PBXFileReference; lastKnownFileType = image.jpeg; name = PVG.jpg; path = "../../Airports Data/PVG.jpg"; sourceTree = "<group>"; };
		9E4F64191ED818340087E639 /* PEK.jpg */ = {isa = PBXFileReference; lastKnownFileType = image.jpeg; name = PEK.jpg; path = "../../Airports Data/PEK.jpg"; sourceTree = "<group>"; };
		9E4F641A1ED818340087E639 /* ICN.jpg */ = {isa = PBXFileReference; lastKnownFileType = image.jpeg; name = ICN.jpg; path = "../../Airports Data/ICN.jpg"; sourceTree = "<group>"; };
		9E4F641B1ED818340087E639 /* HKG.jpg */ = {isa = PBXFileReference; lastKnownFileType = image.jpeg; name = HKG.jpg; path = "../../Airports Data/HKG.jpg"; sourceTree = "<group>"; };
		9E4F641C1ED818340087E639 /* KIX.jpg */ = {isa = PBXFileReference; lastKnownFileType = image.jpeg; name = KIX.jpg; path = "../../Airports Data/KIX.jpg"; sourceTree = "<group>"; };
		9E4F641D1ED818340087E639 /* LHR.jpg */ = {isa = PBXFileReference; lastKnownFileType = image.jpeg; name = LHR.jpg; path = "../../Airports Data/LHR.jpg"; sourceTree = "<group>"; };
		9E4F641E1ED818340087E639 /* JFK.jpg */ = {isa = PBXFileReference; lastKnownFileType = image.jpeg; name = JFK.jpg; path = "../../Airports Data/JFK.jpg"; sourceTree = "<group>"; };
		9E4F641F1ED818340087E639 /* KHH.jpg */ = {isa = PBXFileReference; lastKnownFileType = image.jpeg; name = KHH.jpg; path = "../../Airports Data/KHH.jpg"; sourceTree = "<group>"; };
		9E4F64201ED818340087E639 /* SIN.jpg */ = {isa = PBXFileReference; lastKnownFileType = image.jpeg; name = SIN.jpg; path = "../../Airports Data/SIN.jpg"; sourceTree = "<group>"; };
		9E4F64211ED818340087E639 /* HND.jpg */ = {isa = PBXFileReference; lastKnownFileType = image.jpeg; name = HND.jpg; path = "../../Airports Data/HND.jpg"; sourceTree = "<group>"; };
		9E4F64221ED818340087E639 /* NRT.jpg */ = {isa = PBXFileReference; lastKnownFileType = image.jpeg; name = NRT.jpg; path = "../../Airports Data/NRT.jpg"; sourceTree = "<group>"; };
		9E4F64231ED818340087E639 /* LAX.jpg */ = {isa = PBXFileReference; lastKnownFileType = image.jpeg; name = LAX.jpg; path = "../../Airports Data/LAX.jpg"; sourceTree = "<group>"; };
		9E4F64241ED818340087E639 /* SFO.jpg */ = {isa = PBXFileReference; lastKnownFileType = image.jpeg; name = SFO.jpg; path = "../../Airports Data/SFO.jpg"; sourceTree = "<group>"; };
		9E99B7ED1EDDA0930012997C /* AirportShownViewController.swift */ = {isa = PBXFileReference; fileEncoding = 4; lastKnownFileType = sourcecode.swift; path = AirportShownViewController.swift; sourceTree = "<group>"; };
/* End PBXFileReference section */

/* Begin PBXFrameworksBuildPhase section */
		9E4F63E11ED814420087E639 /* Frameworks */ = {
			isa = PBXFrameworksBuildPhase;
			buildActionMask = 2147483647;
			files = (
			);
			runOnlyForDeploymentPostprocessing = 0;
		};
/* End PBXFrameworksBuildPhase section */

/* Begin PBXGroup section */
		9E4F63DB1ED814420087E639 = {
			isa = PBXGroup;
			children = (
				9E4F63E61ED814420087E639 /* MAPAirportList */,
				9E4F63E51ED814420087E639 /* Products */,
			);
			sourceTree = "<group>";
		};
		9E4F63E51ED814420087E639 /* Products */ = {
			isa = PBXGroup;
			children = (
				9E4F63E41ED814420087E639 /* MAPAirportList.app */,
			);
			name = Products;
			sourceTree = "<group>";
		};
		9E4F63E61ED814420087E639 /* MAPAirportList */ = {
			isa = PBXGroup;
			children = (
				9E4F63E71ED814420087E639 /* AppDelegate.swift */,
				9E4F63EB1ED814420087E639 /* Main.storyboard */,
				9E99B7ED1EDDA0930012997C /* AirportShownViewController.swift */,
				9E4F63F91ED814920087E639 /* ListTableViewController.swift */,
				9E4F63EE1ED814420087E639 /* Assets.xcassets */,
				9E4F63F01ED814420087E639 /* LaunchScreen.storyboard */,
				9E4F63F31ED814420087E639 /* Info.plist */,
				9E4F63FB1ED8182B0087E639 /* airports.plist */,
				9E4F63FD1ED818330087E639 /* MNL.jpg */,
				9E4F63FE1ED818340087E639 /* GMP.jpg */,
				9E4F63FF1ED818340087E639 /* IAD.jpg */,
				9E4F64001ED818340087E639 /* MUC.jpg */,
				9E4F64011ED818340087E639 /* KUL.jpg */,
				9E4F64021ED818340087E639 /* IAH.jpg */,
				9E4F64031ED818340087E639 /* ORD.jpg */,
				9E4F64041ED818340087E639 /* TSA.jpg */,
				9E4F64051ED818340087E639 /* YYZ.jpg */,
				9E4F64061ED818340087E639 /* EDI.jpg */,
				9E4F64071ED818340087E639 /* DME.jpg */,
				9E4F64081ED818340087E639 /* SVO.jpg */,
				9E4F64091ED818340087E639 /* DTW.jpg */,
				9E4F640A1ED818340087E639 /* ATL.jpg */,
				9E4F640B1ED818340087E639 /* SEA.jpg */,
				9E4F640C1ED818340087E639 /* CDG.jpg */,
				9E4F640D1ED818340087E639 /* SYD.jpg */,
				9E4F640E1ED818340087E639 /* YVR.jpg */,
				9E4F640F1ED818340087E639 /* CTS.jpg */,
				9E4F64101ED818340087E639 /* OKA.jpg */,
				9E4F64111ED818340087E639 /* NGO.jpg */,
				9E4F64121ED818340087E639 /* FRA.jpg */,
				9E4F64131ED818340087E639 /* BKK.jpg */,
				9E4F64141ED818340087E639 /* AMS.jpg */,
				9E4F64151ED818340087E639 /* CKG.jpg */,
				9E4F64161ED818340087E639 /* TPE.jpg */,
				9E4F64171ED818340087E639 /* CAN.jpg */,
				9E4F64181ED818340087E639 /* PVG.jpg */,
				9E4F64191ED818340087E639 /* PEK.jpg */,
				9E4F641A1ED818340087E639 /* ICN.jpg */,
				9E4F641B1ED818340087E639 /* HKG.jpg */,
				9E4F641C1ED818340087E639 /* KIX.jpg */,
				9E4F641D1ED818340087E639 /* LHR.jpg */,
				9E4F641E1ED818340087E639 /* JFK.jpg */,
				9E4F641F1ED818340087E639 /* KHH.jpg */,
				9E4F64201ED818340087E639 /* SIN.jpg */,
				9E4F64211ED818340087E639 /* HND.jpg */,
				9E4F64221ED818340087E639 /* NRT.jpg */,
				9E4F64231ED818340087E639 /* LAX.jpg */,
				9E4F64241ED818340087E639 /* SFO.jpg */,
			);
			path = MAPAirportList;
			sourceTree = "<group>";
		};
/* End PBXGroup section */

/* Begin PBXNativeTarget section */
		9E4F63E31ED814420087E639 /* MAPAirportList */ = {
			isa = PBXNativeTarget;
			buildConfigurationList = 9E4F63F61ED814420087E639 /* Build configuration list for PBXNativeTarget "MAPAirportList" */;
			buildPhases = (
				9E4F63E01ED814420087E639 /* Sources */,
				9E4F63E11ED814420087E639 /* Frameworks */,
				9E4F63E21ED814420087E639 /* Resources */,
			);
			buildRules = (
			);
			dependencies = (
			);
			name = MAPAirportList;
			productName = MAPAirportList;
			productReference = 9E4F63E41ED814420087E639 /* MAPAirportList.app */;
			productType = "com.apple.product-type.application";
		};
/* End PBXNativeTarget section */

/* Begin PBXProject section */
		9E4F63DC1ED814420087E639 /* Project object */ = {
			isa = PBXProject;
			attributes = {
				LastSwiftUpdateCheck = 0820;
				LastUpgradeCheck = 0820;
				ORGANIZATIONNAME = Salim;
				TargetAttributes = {
					9E4F63E31ED814420087E639 = {
						CreatedOnToolsVersion = 8.2.1;
						ProvisioningStyle = Automatic;
					};
				};
			};
			buildConfigurationList = 9E4F63DF1ED814420087E639 /* Build configuration list for PBXProject "MAPAirportList" */;
			compatibilityVersion = "Xcode 3.2";
			developmentRegion = English;
			hasScannedForEncodings = 0;
			knownRegions = (
				en,
				Base,
			);
			mainGroup = 9E4F63DB1ED814420087E639;
			productRefGroup = 9E4F63E51ED814420087E639 /* Products */;
			projectDirPath = "";
			projectRoot = "";
			targets = (
				9E4F63E31ED814420087E639 /* MAPAirportList */,
			);
		};
/* End PBXProject section */

/* Begin PBXResourcesBuildPhase section */
		9E4F63E21ED814420087E639 /* Resources */ = {
			isa = PBXResourcesBuildPhase;
			buildActionMask = 2147483647;
			files = (
				9E4F644B1ED818340087E639 /* LAX.jpg in Resources */,
				9E4F644A1ED818340087E639 /* NRT.jpg in Resources */,
				9E4F644C1ED818340087E639 /* SFO.jpg in Resources */,
				9E4F64481ED818340087E639 /* SIN.jpg in Resources */,
				9E4F64411ED818340087E639 /* PEK.jpg in Resources */,
				9E4F64291ED818340087E639 /* KUL.jpg in Resources */,
				9E4F64431ED818340087E639 /* HKG.jpg in Resources */,
				9E4F64261ED818340087E639 /* GMP.jpg in Resources */,
				9E4F642A1ED818340087E639 /* IAH.jpg in Resources */,
				9E4F64401ED818340087E639 /* PVG.jpg in Resources */,
				9E4F643A1ED818340087E639 /* FRA.jpg in Resources */,
				9E4F64351ED818340087E639 /* SYD.jpg in Resources */,
				9E4F64371ED818340087E639 /* CTS.jpg in Resources */,
				9E4F642B1ED818340087E639 /* ORD.jpg in Resources */,
				9E4F63FC1ED8182B0087E639 /* airports.plist in Resources */,
				9E4F64271ED818340087E639 /* IAD.jpg in Resources */,
				9E4F643B1ED818340087E639 /* BKK.jpg in Resources */,
				9E4F64311ED818340087E639 /* DTW.jpg in Resources */,
				9E4F64381ED818340087E639 /* OKA.jpg in Resources */,
				9E4F642F1ED818340087E639 /* DME.jpg in Resources */,
				9E4F64361ED818340087E639 /* YVR.jpg in Resources */,
				9E4F642C1ED818340087E639 /* TSA.jpg in Resources */,
				9E4F64441ED818340087E639 /* KIX.jpg in Resources */,
				9E4F643C1ED818340087E639 /* AMS.jpg in Resources */,
				9E4F64321ED818340087E639 /* ATL.jpg in Resources */,
				9E4F64281ED818340087E639 /* MUC.jpg in Resources */,
				9E4F64251ED818340087E639 /* MNL.jpg in Resources */,
				9E4F63F21ED814420087E639 /* LaunchScreen.storyboard in Resources */,
				9E4F63EF1ED814420087E639 /* Assets.xcassets in Resources */,
				9E4F643E1ED818340087E639 /* TPE.jpg in Resources */,
				9E4F642D1ED818340087E639 /* YYZ.jpg in Resources */,
				9E4F64461ED818340087E639 /* JFK.jpg in Resources */,
				9E4F64491ED818340087E639 /* HND.jpg in Resources */,
				9E4F642E1ED818340087E639 /* EDI.jpg in Resources */,
				9E4F643D1ED818340087E639 /* CKG.jpg in Resources */,
				9E4F64471ED818340087E639 /* KHH.jpg in Resources */,
				9E4F64341ED818340087E639 /* CDG.jpg in Resources */,
				9E4F64331ED818340087E639 /* SEA.jpg in Resources */,
				9E4F64301ED818340087E639 /* SVO.jpg in Resources */,
				9E4F64451ED818340087E639 /* LHR.jpg in Resources */,
				9E4F64391ED818340087E639 /* NGO.jpg in Resources */,
				9E4F643F1ED818340087E639 /* CAN.jpg in Resources */,
				9E4F64421ED818340087E639 /* ICN.jpg in Resources */,
				9E4F63ED1ED814420087E639 /* Main.storyboard in Resources */,
			);
			runOnlyForDeploymentPostprocessing = 0;
		};
/* End PBXResourcesBuildPhase section */

/* Begin PBXSourcesBuildPhase section */
		9E4F63E01ED814420087E639 /* Sources */ = {
			isa = PBXSourcesBuildPhase;
			buildActionMask = 2147483647;
			files = (
				9E99B7EE1EDDA0930012997C /* AirportShownViewController.swift in Sources */,
				9E4F63E81ED814420087E639 /* AppDelegate.swift in Sources */,
				9E4F63FA1ED814920087E639 /* ListTableViewController.swift in Sources */,
			);
			runOnlyForDeploymentPostprocessing = 0;
		};
/* End PBXSourcesBuildPhase section */

/* Begin PBXVariantGroup section */
		9E4F63EB1ED814420087E639 /* Main.storyboard */ = {
			isa = PBXVariantGroup;
			children = (
				9E4F63EC1ED814420087E639 /* Base */,
			);
			name = Main.storyboard;
			sourceTree = "<group>";
		};
		9E4F63F01ED814420087E639 /* LaunchScreen.storyboard */ = {
			isa = PBXVariantGroup;
			children = (
				9E4F63F11ED814420087E639 /* Base */,
			);
			name = LaunchScreen.storyboard;
			sourceTree = "<group>";
		};
/* End PBXVariantGroup section */

/* Begin XCBuildConfiguration section */
		9E4F63F41ED814420087E639 /* Debug */ = {
			isa = XCBuildConfiguration;
			buildSettings = {
				ALWAYS_SEARCH_USER_PATHS = NO;
				CLANG_ANALYZER_NONNULL = YES;
				CLANG_CXX_LANGUAGE_STANDARD = "gnu++0x";
				CLANG_CXX_LIBRARY = "libc++";
				CLANG_ENABLE_MODULES = YES;
				CLANG_ENABLE_OBJC_ARC = YES;
				CLANG_WARN_BOOL_CONVERSION = YES;
				CLANG_WARN_CONSTANT_CONVERSION = YES;
				CLANG_WARN_DIRECT_OBJC_ISA_USAGE = YES_ERROR;
				CLANG_WARN_DOCUMENTATION_COMMENTS = YES;
				CLANG_WARN_EMPTY_BODY = YES;
				CLANG_WARN_ENUM_CONVERSION = YES;
				CLANG_WARN_INFINITE_RECURSION = YES;
				CLANG_WARN_INT_CONVERSION = YES;
				CLANG_WARN_OBJC_ROOT_CLASS = YES_ERROR;
				CLANG_WARN_SUSPICIOUS_MOVE = YES;
				CLANG_WARN_UNREACHABLE_CODE = YES;
				CLANG_WARN__DUPLICATE_METHOD_MATCH = YES;
				"CODE_SIGN_IDENTITY[sdk=iphoneos*]" = "iPhone Developer";
				COPY_PHASE_STRIP = NO;
				DEBUG_INFORMATION_FORMAT = dwarf;
				ENABLE_STRICT_OBJC_MSGSEND = YES;
				ENABLE_TESTABILITY = YES;
				GCC_C_LANGUAGE_STANDARD = gnu99;
				GCC_DYNAMIC_NO_PIC = NO;
				GCC_NO_COMMON_BLOCKS = YES;
				GCC_OPTIMIZATION_LEVEL = 0;
				GCC_PREPROCESSOR_DEFINITIONS = (
					"DEBUG=1",
					"$(inherited)",
				);
				GCC_WARN_64_TO_32_BIT_CONVERSION = YES;
				GCC_WARN_ABOUT_RETURN_TYPE = YES_ERROR;
				GCC_WARN_UNDECLARED_SELECTOR = YES;
				GCC_WARN_UNINITIALIZED_AUTOS = YES_AGGRESSIVE;
				GCC_WARN_UNUSED_FUNCTION = YES;
				GCC_WARN_UNUSED_VARIABLE = YES;
				IPHONEOS_DEPLOYMENT_TARGET = 10.2;
				MTL_ENABLE_DEBUG_INFO = YES;
				ONLY_ACTIVE_ARCH = YES;
				SDKROOT = iphoneos;
				SWIFT_ACTIVE_COMPILATION_CONDITIONS = DEBUG;
				SWIFT_OPTIMIZATION_LEVEL = "-Onone";
			};
			name = Debug;
		};
		9E4F63F51ED814420087E639 /* Release */ = {
			isa = XCBuildConfiguration;
			buildSettings = {
				ALWAYS_SEARCH_USER_PATHS = NO;
				CLANG_ANALYZER_NONNULL = YES;
				CLANG_CXX_LANGUAGE_STANDARD = "gnu++0x";
				CLANG_CXX_LIBRARY = "libc++";
				CLANG_ENABLE_MODULES = YES;
				CLANG_ENABLE_OBJC_ARC = YES;
				CLANG_WARN_BOOL_CONVERSION = YES;
				CLANG_WARN_CONSTANT_CONVERSION = YES;
				CLANG_WARN_DIRECT_OBJC_ISA_USAGE = YES_ERROR;
				CLANG_WARN_DOCUMENTATION_COMMENTS = YES;
				CLANG_WARN_EMPTY_BODY = YES;
				CLANG_WARN_ENUM_CONVERSION = YES;
				CLANG_WARN_INFINITE_RECURSION = YES;
				CLANG_WARN_INT_CONVERSION = YES;
				CLANG_WARN_OBJC_ROOT_CLASS = YES_ERROR;
				CLANG_WARN_SUSPICIOUS_MOVE = YES;
				CLANG_WARN_UNREACHABLE_CODE = YES;
				CLANG_WARN__DUPLICATE_METHOD_MATCH = YES;
				"CODE_SIGN_IDENTITY[sdk=iphoneos*]" = "iPhone Developer";
				COPY_PHASE_STRIP = NO;
				DEBUG_INFORMATION_FORMAT = "dwarf-with-dsym";
				ENABLE_NS_ASSERTIONS = NO;
				ENABLE_STRICT_OBJC_MSGSEND = YES;
				GCC_C_LANGUAGE_STANDARD = gnu99;
				GCC_NO_COMMON_BLOCKS = YES;
				GCC_WARN_64_TO_32_BIT_CONVERSION = YES;
				GCC_WARN_ABOUT_RETURN_TYPE = YES_ERROR;
				GCC_WARN_UNDECLARED_SELECTOR = YES;
				GCC_WARN_UNINITIALIZED_AUTOS = YES_AGGRESSIVE;
				GCC_WARN_UNUSED_FUNCTION = YES;
				GCC_WARN_UNUSED_VARIABLE = YES;
				IPHONEOS_DEPLOYMENT_TARGET = 10.2;
				MTL_ENABLE_DEBUG_INFO = NO;
				SDKROOT = iphoneos;
				SWIFT_OPTIMIZATION_LEVEL = "-Owholemodule";
				VALIDATE_PRODUCT = YES;
			};
			name = Release;
		};
		9E4F63F71ED814420087E639 /* Debug */ = {
			isa = XCBuildConfiguration;
			buildSettings = {
				ASSETCATALOG_COMPILER_APPICON_NAME = AppIcon;
				INFOPLIST_FILE = MAPAirportList/Info.plist;
				LD_RUNPATH_SEARCH_PATHS = "$(inherited) @executable_path/Frameworks";
				PRODUCT_BUNDLE_IDENTIFIER = Salim.MAPAirportList;
				PRODUCT_NAME = "$(TARGET_NAME)";
				SWIFT_VERSION = 3.0;
			};
			name = Debug;
		};
		9E4F63F81ED814420087E639 /* Release */ = {
			isa = XCBuildConfiguration;
			buildSettings = {
				ASSETCATALOG_COMPILER_APPICON_NAME = AppIcon;
				INFOPLIST_FILE = MAPAirportList/Info.plist;
				LD_RUNPATH_SEARCH_PATHS = "$(inherited) @executable_path/Frameworks";
				PRODUCT_BUNDLE_IDENTIFIER = Salim.MAPAirportList;
				PRODUCT_NAME = "$(TARGET_NAME)";
				SWIFT_VERSION = 3.0;
			};
			name = Release;
		};
/* End XCBuildConfiguration section */

/* Begin XCConfigurationList section */
		9E4F63DF1ED814420087E639 /* Build configuration list for PBXProject "MAPAirportList" */ = {
			isa = XCConfigurationList;
			buildConfigurations = (
				9E4F63F41ED814420087E639 /* Debug */,
				9E4F63F51ED814420087E639 /* Release */,
			);
			defaultConfigurationIsVisible = 0;
			defaultConfigurationName = Release;
		};
		9E4F63F61ED814420087E639 /* Build configuration list for PBXNativeTarget "MAPAirportList" */ = {
			isa = XCConfigurationList;
			buildConfigurations = (
				9E4F63F71ED814420087E639 /* Debug */,
				9E4F63F81ED814420087E639 /* Release */,
			);
			defaultConfigurationIsVisible = 0;
			defaultConfigurationName = Release;
		};
/* End XCConfigurationList section */
	};
	rootObject = 9E4F63DC1ED814420087E639 /* Project object */;
}
