// !$*UTF8*$!
{
	archiveVersion = 1;
	classes = {
	};
	objectVersion = 46;
	objects = {

/* Begin PBXBuildFile section */
		9E4F63E81ED814420087E639 /* AppDelegate.swift in Sources */ = {isa = PBXBuildFile; fileRef = 9E4F63E71ED814420087E639 /* AppDelegate.swift */; };
		9E4F63ED1ED814420087E639 /* Main.storyboard in Resources */ = {isa = PBXBuildFile; fileRef = 9E4F63EB1ED814420087E639 /* Main.storyboard */; };
		9E4F63EF1ED814420087E639 /* Assets.xcassets in Resources */ = {isa = PBXBuildFile; fileRef = 9E4F63EE1ED814420087E639 /* Assets.xcassets */; };
		9E4F63F21ED814420087E639 /* LaunchScreen.storyboard in Resources */ = {isa = PBXBuildFile; fileRef = 9E4F63F01ED814420087E639 /* LaunchScreen.storyboard */; };
		9E4F63FA1ED814920087E639 /* ListTableViewController.swift in Sources */ = {isa = PBXBuildFile; fileRef = 9E4F63F91ED814920087E639 /* ListTableViewController.swift */; };
		9E9854031EFE6AEE00AF217B /* MNL.jpg in Resources */ = {isa = PBXBuildFile; fileRef = 9E9853DA1EFE6AEE00AF217B /* MNL.jpg */; };
		9E9854041EFE6AEE00AF217B /* airports.plist in Resources */ = {isa = PBXBuildFile; fileRef = 9E9853DB1EFE6AEE00AF217B /* airports.plist */; };
		9E9854051EFE6AEE00AF217B /* GMP.jpg in Resources */ = {isa = PBXBuildFile; fileRef = 9E9853DC1EFE6AEE00AF217B /* GMP.jpg */; };
		9E9854061EFE6AEE00AF217B /* IAD.jpg in Resources */ = {isa = PBXBuildFile; fileRef = 9E9853DD1EFE6AEE00AF217B /* IAD.jpg */; };
		9E9854071EFE6AEE00AF217B /* MUC.jpg in Resources */ = {isa = PBXBuildFile; fileRef = 9E9853DE1EFE6AEE00AF217B /* MUC.jpg */; };
		9E9854081EFE6AEE00AF217B /* KUL.jpg in Resources */ = {isa = PBXBuildFile; fileRef = 9E9853DF1EFE6AEE00AF217B /* KUL.jpg */; };
		9E9854091EFE6AEE00AF217B /* IAH.jpg in Resources */ = {isa = PBXBuildFile; fileRef = 9E9853E01EFE6AEE00AF217B /* IAH.jpg */; };
		9E98540A1EFE6AEE00AF217B /* ORD.jpg in Resources */ = {isa = PBXBuildFile; fileRef = 9E9853E11EFE6AEE00AF217B /* ORD.jpg */; };
		9E98540B1EFE6AEE00AF217B /* TSA.jpg in Resources */ = {isa = PBXBuildFile; fileRef = 9E9853E21EFE6AEE00AF217B /* TSA.jpg */; };
		9E98540C1EFE6AEE00AF217B /* YYZ.jpg in Resources */ = {isa = PBXBuildFile; fileRef = 9E9853E31EFE6AEE00AF217B /* YYZ.jpg */; };
		9E98540D1EFE6AEE00AF217B /* EDI.jpg in Resources */ = {isa = PBXBuildFile; fileRef = 9E9853E41EFE6AEE00AF217B /* EDI.jpg */; };
		9E98540E1EFE6AEE00AF217B /* DME.jpg in Resources */ = {isa = PBXBuildFile; fileRef = 9E9853E51EFE6AEE00AF217B /* DME.jpg */; };
		9E98540F1EFE6AEE00AF217B /* SVO.jpg in Resources */ = {isa = PBXBuildFile; fileRef = 9E9853E61EFE6AEE00AF217B /* SVO.jpg */; };
		9E9854101EFE6AEE00AF217B /* DTW.jpg in Resources */ = {isa = PBXBuildFile; fileRef = 9E9853E71EFE6AEE00AF217B /* DTW.jpg */; };
		9E9854111EFE6AEE00AF217B /* ATL.jpg in Resources */ = {isa = PBXBuildFile; fileRef = 9E9853E81EFE6AEE00AF217B /* ATL.jpg */; };
		9E9854121EFE6AEE00AF217B /* SEA.jpg in Resources */ = {isa = PBXBuildFile; fileRef = 9E9853E91EFE6AEE00AF217B /* SEA.jpg */; };
		9E9854131EFE6AEE00AF217B /* CDG.jpg in Resources */ = {isa = PBXBuildFile; fileRef = 9E9853EA1EFE6AEE00AF217B /* CDG.jpg */; };
		9E9854141EFE6AEE00AF217B /* SYD.jpg in Resources */ = {isa = PBXBuildFile; fileRef = 9E9853EB1EFE6AEE00AF217B /* SYD.jpg */; };
		9E9854151EFE6AEE00AF217B /* YVR.jpg in Resources */ = {isa = PBXBuildFile; fileRef = 9E9853EC1EFE6AEE00AF217B /* YVR.jpg */; };
		9E9854161EFE6AEE00AF217B /* CTS.jpg in Resources */ = {isa = PBXBuildFile; fileRef = 9E9853ED1EFE6AEE00AF217B /* CTS.jpg */; };
		9E9854171EFE6AEE00AF217B /* OKA.jpg in Resources */ = {isa = PBXBuildFile; fileRef = 9E9853EE1EFE6AEE00AF217B /* OKA.jpg */; };
		9E9854181EFE6AEE00AF217B /* NGO.jpg in Resources */ = {isa = PBXBuildFile; fileRef = 9E9853EF1EFE6AEE00AF217B /* NGO.jpg */; };
		9E9854191EFE6AEE00AF217B /* FRA.jpg in Resources */ = {isa = PBXBuildFile; fileRef = 9E9853F01EFE6AEE00AF217B /* FRA.jpg */; };
		9E98541A1EFE6AEE00AF217B /* BKK.jpg in Resources */ = {isa = PBXBuildFile; fileRef = 9E9853F11EFE6AEE00AF217B /* BKK.jpg */; };
		9E98541B1EFE6AEE00AF217B /* AMS.jpg in Resources */ = {isa = PBXBuildFile; fileRef = 9E9853F21EFE6AEE00AF217B /* AMS.jpg */; };
		9E98541C1EFE6AEE00AF217B /* CKG.jpg in Resources */ = {isa = PBXBuildFile; fileRef = 9E9853F31EFE6AEE00AF217B /* CKG.jpg */; };
		9E98541D1EFE6AEE00AF217B /* TPE.jpg in Resources */ = {isa = PBXBuildFile; fileRef = 9E9853F41EFE6AEE00AF217B /* TPE.jpg */; };
		9E98541E1EFE6AEE00AF217B /* CAN.jpg in Resources */ = {isa = PBXBuildFile; fileRef = 9E9853F51EFE6AEE00AF217B /* CAN.jpg */; };
		9E98541F1EFE6AEE00AF217B /* PVG.jpg in Resources */ = {isa = PBXBuildFile; fileRef = 9E9853F61EFE6AEE00AF217B /* PVG.jpg */; };
		9E9854201EFE6AEE00AF217B /* PEK.jpg in Resources */ = {isa = PBXBuildFile; fileRef = 9E9853F71EFE6AEE00AF217B /* PEK.jpg */; };
		9E9854211EFE6AEE00AF217B /* ICN.jpg in Resources */ = {isa = PBXBuildFile; fileRef = 9E9853F81EFE6AEE00AF217B /* ICN.jpg */; };
		9E9854221EFE6AEE00AF217B /* HKG.jpg in Resources */ = {isa = PBXBuildFile; fileRef = 9E9853F91EFE6AEE00AF217B /* HKG.jpg */; };
		9E9854231EFE6AEE00AF217B /* KIX.jpg in Resources */ = {isa = PBXBuildFile; fileRef = 9E9853FA1EFE6AEE00AF217B /* KIX.jpg */; };
		9E9854241EFE6AEE00AF217B /* LHR.jpg in Resources */ = {isa = PBXBuildFile; fileRef = 9E9853FB1EFE6AEE00AF217B /* LHR.jpg */; };
		9E9854251EFE6AEE00AF217B /* JFK.jpg in Resources */ = {isa = PBXBuildFile; fileRef = 9E9853FC1EFE6AEE00AF217B /* JFK.jpg */; };
		9E9854261EFE6AEE00AF217B /* KHH.jpg in Resources */ = {isa = PBXBuildFile; fileRef = 9E9853FD1EFE6AEE00AF217B /* KHH.jpg */; };
		9E9854271EFE6AEE00AF217B /* SIN.jpg in Resources */ = {isa = PBXBuildFile; fileRef = 9E9853FE1EFE6AEE00AF217B /* SIN.jpg */; };
		9E9854281EFE6AEE00AF217B /* HND.jpg in Resources */ = {isa = PBXBuildFile; fileRef = 9E9853FF1EFE6AEE00AF217B /* HND.jpg */; };
		9E9854291EFE6AEE00AF217B /* NRT.jpg in Resources */ = {isa = PBXBuildFile; fileRef = 9E9854001EFE6AEE00AF217B /* NRT.jpg */; };
		9E98542A1EFE6AEE00AF217B /* LAX.jpg in Resources */ = {isa = PBXBuildFile; fileRef = 9E9854011EFE6AEE00AF217B /* LAX.jpg */; };
		9E98542B1EFE6AEE00AF217B /* SFO.jpg in Resources */ = {isa = PBXBuildFile; fileRef = 9E9854021EFE6AEE00AF217B /* SFO.jpg */; };
		9E99B7EE1EDDA0930012997C /* AirportShownViewController.swift in Sources */ = {isa = PBXBuildFile; fileRef = 9E99B7ED1EDDA0930012997C /* AirportShownViewController.swift */; };
/* End PBXBuildFile section */

/* Begin PBXFileReference section */
		9E4F63E41ED814420087E639 /* MAPAirportList.app */ = {isa = PBXFileReference; explicitFileType = wrapper.application; includeInIndex = 0; path = MAPAirportList.app; sourceTree = BUILT_PRODUCTS_DIR; };
		9E4F63E71ED814420087E639 /* AppDelegate.swift */ = {isa = PBXFileReference; lastKnownFileType = sourcecode.swift; path = AppDelegate.swift; sourceTree = "<group>"; };
		9E4F63EC1ED814420087E639 /* Base */ = {isa = PBXFileReference; lastKnownFileType = file.storyboard; name = Base; path = Base.lproj/Main.storyboard; sourceTree = "<group>"; };
		9E4F63EE1ED814420087E639 /* Assets.xcassets */ = {isa = PBXFileReference; lastKnownFileType = folder.assetcatalog; path = Assets.xcassets; sourceTree = "<group>"; };
		9E4F63F11ED814420087E639 /* Base */ = {isa = PBXFileReference; lastKnownFileType = file.storyboard; name = Base; path = Base.lproj/LaunchScreen.storyboard; sourceTree = "<group>"; };
		9E4F63F31ED814420087E639 /* Info.plist */ = {isa = PBXFileReference; lastKnownFileType = text.plist.xml; path = Info.plist; sourceTree = "<group>"; };
		9E4F63F91ED814920087E639 /* ListTableViewController.swift */ = {isa = PBXFileReference; fileEncoding = 4; lastKnownFileType = sourcecode.swift; path = ListTableViewController.swift; sourceTree = "<group>"; };
		9E9853DA1EFE6AEE00AF217B /* MNL.jpg */ = {isa = PBXFileReference; lastKnownFileType = image.jpeg; path = MNL.jpg; sourceTree = "<group>"; };
		9E9853DB1EFE6AEE00AF217B /* airports.plist */ = {isa = PBXFileReference; fileEncoding = 4; lastKnownFileType = text.plist.xml; path = airports.plist; sourceTree = "<group>"; };
		9E9853DC1EFE6AEE00AF217B /* GMP.jpg */ = {isa = PBXFileReference; lastKnownFileType = image.jpeg; path = GMP.jpg; sourceTree = "<group>"; };
		9E9853DD1EFE6AEE00AF217B /* IAD.jpg */ = {isa = PBXFileReference; lastKnownFileType = image.jpeg; path = IAD.jpg; sourceTree = "<group>"; };
		9E9853DE1EFE6AEE00AF217B /* MUC.jpg */ = {isa = PBXFileReference; lastKnownFileType = image.jpeg; path = MUC.jpg; sourceTree = "<group>"; };
		9E9853DF1EFE6AEE00AF217B /* KUL.jpg */ = {isa = PBXFileReference; lastKnownFileType = image.jpeg; path = KUL.jpg; sourceTree = "<group>"; };
		9E9853E01EFE6AEE00AF217B /* IAH.jpg */ = {isa = PBXFileReference; lastKnownFileType = image.jpeg; path = IAH.jpg; sourceTree = "<group>"; };
		9E9853E11EFE6AEE00AF217B /* ORD.jpg */ = {isa = PBXFileReference; lastKnownFileType = image.jpeg; path = ORD.jpg; sourceTree = "<group>"; };
		9E9853E21EFE6AEE00AF217B /* TSA.jpg */ = {isa = PBXFileReference; lastKnownFileType = image.jpeg; path = TSA.jpg; sourceTree = "<group>"; };
		9E9853E31EFE6AEE00AF217B /* YYZ.jpg */ = {isa = PBXFileReference; lastKnownFileType = image.jpeg; path = YYZ.jpg; sourceTree = "<group>"; };
		9E9853E41EFE6AEE00AF217B /* EDI.jpg */ = {isa = PBXFileReference; lastKnownFileType = image.jpeg; path = EDI.jpg; sourceTree = "<group>"; };
		9E9853E51EFE6AEE00AF217B /* DME.jpg */ = {isa = PBXFileReference; lastKnownFileType = image.jpeg; path = DME.jpg; sourceTree = "<group>"; };
		9E9853E61EFE6AEE00AF217B /* SVO.jpg */ = {isa = PBXFileReference; lastKnownFileType = image.jpeg; path = SVO.jpg; sourceTree = "<group>"; };
		9E9853E71EFE6AEE00AF217B /* DTW.jpg */ = {isa = PBXFileReference; lastKnownFileType = image.jpeg; path = DTW.jpg; sourceTree = "<group>"; };
		9E9853E81EFE6AEE00AF217B /* ATL.jpg */ = {isa = PBXFileReference; lastKnownFileType = image.jpeg; path = ATL.jpg; sourceTree = "<group>"; };
		9E9853E91EFE6AEE00AF217B /* SEA.jpg */ = {isa = PBXFileReference; lastKnownFileType = image.jpeg; path = SEA.jpg; sourceTree = "<group>"; };
		9E9853EA1EFE6AEE00AF217B /* CDG.jpg */ = {isa = PBXFileReference; lastKnownFileType = image.jpeg; path = CDG.jpg; sourceTree = "<group>"; };
		9E9853EB1EFE6AEE00AF217B /* SYD.jpg */ = {isa = PBXFileReference; lastKnownFileType = image.jpeg; path = SYD.jpg; sourceTree = "<group>"; };
		9E9853EC1EFE6AEE00AF217B /* YVR.jpg */ = {isa = PBXFileReference; lastKnownFileType = image.jpeg; path = YVR.jpg; sourceTree = "<group>"; };
		9E9853ED1EFE6AEE00AF217B /* CTS.jpg */ = {isa = PBXFileReference; lastKnownFileType = image.jpeg; path = CTS.jpg; sourceTree = "<group>"; };
		9E9853EE1EFE6AEE00AF217B /* OKA.jpg */ = {isa = PBXFileReference; lastKnownFileType = image.jpeg; path = OKA.jpg; sourceTree = "<group>"; };
		9E9853EF1EFE6AEE00AF217B /* NGO.jpg */ = {isa = PBXFileReference; lastKnownFileType = image.jpeg; path = NGO.jpg; sourceTree = "<group>"; };
		9E9853F01EFE6AEE00AF217B /* FRA.jpg */ = {isa = PBXFileReference; lastKnownFileType = image.jpeg; path = FRA.jpg; sourceTree = "<group>"; };
		9E9853F11EFE6AEE00AF217B /* BKK.jpg */ = {isa = PBXFileReference; lastKnownFileType = image.jpeg; path = BKK.jpg; sourceTree = "<group>"; };
		9E9853F21EFE6AEE00AF217B /* AMS.jpg */ = {isa = PBXFileReference; lastKnownFileType = image.jpeg; path = AMS.jpg; sourceTree = "<group>"; };
		9E9853F31EFE6AEE00AF217B /* CKG.jpg */ = {isa = PBXFileReference; lastKnownFileType = image.jpeg; path = CKG.jpg; sourceTree = "<group>"; };
		9E9853F41EFE6AEE00AF217B /* TPE.jpg */ = {isa = PBXFileReference; lastKnownFileType = image.jpeg; path = TPE.jpg; sourceTree = "<group>"; };
		9E9853F51EFE6AEE00AF217B /* CAN.jpg */ = {isa = PBXFileReference; lastKnownFileType = image.jpeg; path = CAN.jpg; sourceTree = "<group>"; };
		9E9853F61EFE6AEE00AF217B /* PVG.jpg */ = {isa = PBXFileReference; lastKnownFileType = image.jpeg; path = PVG.jpg; sourceTree = "<group>"; };
		9E9853F71EFE6AEE00AF217B /* PEK.jpg */ = {isa = PBXFileReference; lastKnownFileType = image.jpeg; path = PEK.jpg; sourceTree = "<group>"; };
		9E9853F81EFE6AEE00AF217B /* ICN.jpg */ = {isa = PBXFileReference; lastKnownFileType = image.jpeg; path = ICN.jpg; sourceTree = "<group>"; };
		9E9853F91EFE6AEE00AF217B /* HKG.jpg */ = {isa = PBXFileReference; lastKnownFileType = image.jpeg; path = HKG.jpg; sourceTree = "<group>"; };
		9E9853FA1EFE6AEE00AF217B /* KIX.jpg */ = {isa = PBXFileReference; lastKnownFileType = image.jpeg; path = KIX.jpg; sourceTree = "<group>"; };
		9E9853FB1EFE6AEE00AF217B /* LHR.jpg */ = {isa = PBXFileReference; lastKnownFileType = image.jpeg; path = LHR.jpg; sourceTree = "<group>"; };
		9E9853FC1EFE6AEE00AF217B /* JFK.jpg */ = {isa = PBXFileReference; lastKnownFileType = image.jpeg; path = JFK.jpg; sourceTree = "<group>"; };
		9E9853FD1EFE6AEE00AF217B /* KHH.jpg */ = {isa = PBXFileReference; lastKnownFileType = image.jpeg; path = KHH.jpg; sourceTree = "<group>"; };
		9E9853FE1EFE6AEE00AF217B /* SIN.jpg */ = {isa = PBXFileReference; lastKnownFileType = image.jpeg; path = SIN.jpg; sourceTree = "<group>"; };
		9E9853FF1EFE6AEE00AF217B /* HND.jpg */ = {isa = PBXFileReference; lastKnownFileType = image.jpeg; path = HND.jpg; sourceTree = "<group>"; };
		9E9854001EFE6AEE00AF217B /* NRT.jpg */ = {isa = PBXFileReference; lastKnownFileType = image.jpeg; path = NRT.jpg; sourceTree = "<group>"; };
		9E9854011EFE6AEE00AF217B /* LAX.jpg */ = {isa = PBXFileReference; lastKnownFileType = image.jpeg; path = LAX.jpg; sourceTree = "<group>"; };
		9E9854021EFE6AEE00AF217B /* SFO.jpg */ = {isa = PBXFileReference; lastKnownFileType = image.jpeg; path = SFO.jpg; sourceTree = "<group>"; };
		9E99B7ED1EDDA0930012997C /* AirportShownViewController.swift */ = {isa = PBXFileReference; fileEncoding = 4; lastKnownFileType = sourcecode.swift; path = AirportShownViewController.swift; sourceTree = "<group>"; };
/* End PBXFileReference section */

/* Begin PBXFrameworksBuildPhase section */
		9E4F63E11ED814420087E639 /* Frameworks */ = {
			isa = PBXFrameworksBuildPhase;
			buildActionMask = 2147483647;
			files = (
			);
			runOnlyForDeploymentPostprocessing = 0;
		};
/* End PBXFrameworksBuildPhase section */

/* Begin PBXGroup section */
		9E4F63DB1ED814420087E639 = {
			isa = PBXGroup;
			children = (
				9E4F63E61ED814420087E639 /* MAPAirportList */,
				9E4F63E51ED814420087E639 /* Products */,
			);
			sourceTree = "<group>";
		};
		9E4F63E51ED814420087E639 /* Products */ = {
			isa = PBXGroup;
			children = (
				9E4F63E41ED814420087E639 /* MAPAirportList.app */,
			);
			name = Products;
			sourceTree = "<group>";
		};
		9E4F63E61ED814420087E639 /* MAPAirportList */ = {
			isa = PBXGroup;
			children = (
				9E9853DA1EFE6AEE00AF217B /* MNL.jpg */,
				9E9853DB1EFE6AEE00AF217B /* airports.plist */,
				9E9853DC1EFE6AEE00AF217B /* GMP.jpg */,
				9E9853DD1EFE6AEE00AF217B /* IAD.jpg */,
				9E9853DE1EFE6AEE00AF217B /* MUC.jpg */,
				9E9853DF1EFE6AEE00AF217B /* KUL.jpg */,
				9E9853E01EFE6AEE00AF217B /* IAH.jpg */,
				9E9853E11EFE6AEE00AF217B /* ORD.jpg */,
				9E9853E21EFE6AEE00AF217B /* TSA.jpg */,
				9E9853E31EFE6AEE00AF217B /* YYZ.jpg */,
				9E9853E41EFE6AEE00AF217B /* EDI.jpg */,
				9E9853E51EFE6AEE00AF217B /* DME.jpg */,
				9E9853E61EFE6AEE00AF217B /* SVO.jpg */,
				9E9853E71EFE6AEE00AF217B /* DTW.jpg */,
				9E9853E81EFE6AEE00AF217B /* ATL.jpg */,
				9E9853E91EFE6AEE00AF217B /* SEA.jpg */,
				9E9853EA1EFE6AEE00AF217B /* CDG.jpg */,
				9E9853EB1EFE6AEE00AF217B /* SYD.jpg */,
				9E9853EC1EFE6AEE00AF217B /* YVR.jpg */,
				9E9853ED1EFE6AEE00AF217B /* CTS.jpg */,
				9E9853EE1EFE6AEE00AF217B /* OKA.jpg */,
				9E9853EF1EFE6AEE00AF217B /* NGO.jpg */,
				9E9853F01EFE6AEE00AF217B /* FRA.jpg */,
				9E9853F11EFE6AEE00AF217B /* BKK.jpg */,
				9E9853F21EFE6AEE00AF217B /* AMS.jpg */,
				9E9853F31EFE6AEE00AF217B /* CKG.jpg */,
				9E9853F41EFE6AEE00AF217B /* TPE.jpg */,
				9E9853F51EFE6AEE00AF217B /* CAN.jpg */,
				9E9853F61EFE6AEE00AF217B /* PVG.jpg */,
				9E9853F71EFE6AEE00AF217B /* PEK.jpg */,
				9E9853F81EFE6AEE00AF217B /* ICN.jpg */,
				9E9853F91EFE6AEE00AF217B /* HKG.jpg */,
				9E9853FA1EFE6AEE00AF217B /* KIX.jpg */,
				9E9853FB1EFE6AEE00AF217B /* LHR.jpg */,
				9E9853FC1EFE6AEE00AF217B /* JFK.jpg */,
				9E9853FD1EFE6AEE00AF217B /* KHH.jpg */,
				9E9853FE1EFE6AEE00AF217B /* SIN.jpg */,
				9E9853FF1EFE6AEE00AF217B /* HND.jpg */,
				9E9854001EFE6AEE00AF217B /* NRT.jpg */,
				9E9854011EFE6AEE00AF217B /* LAX.jpg */,
				9E9854021EFE6AEE00AF217B /* SFO.jpg */,
				9E4F63E71ED814420087E639 /* AppDelegate.swift */,
				9E4F63EB1ED814420087E639 /* Main.storyboard */,
				9E99B7ED1EDDA0930012997C /* AirportShownViewController.swift */,
				9E4F63F91ED814920087E639 /* ListTableViewController.swift */,
				9E4F63EE1ED814420087E639 /* Assets.xcassets */,
				9E4F63F01ED814420087E639 /* LaunchScreen.storyboard */,
				9E4F63F31ED814420087E639 /* Info.plist */,
			);
			path = MAPAirportList;
			sourceTree = "<group>";
		};
/* End PBXGroup section */

/* Begin PBXNativeTarget section */
		9E4F63E31ED814420087E639 /* MAPAirportList */ = {
			isa = PBXNativeTarget;
			buildConfigurationList = 9E4F63F61ED814420087E639 /* Build configuration list for PBXNativeTarget "MAPAirportList" */;
			buildPhases = (
				9E4F63E01ED814420087E639 /* Sources */,
				9E4F63E11ED814420087E639 /* Frameworks */,
				9E4F63E21ED814420087E639 /* Resources */,
			);
			buildRules = (
			);
			dependencies = (
			);
			name = MAPAirportList;
			productName = MAPAirportList;
			productReference = 9E4F63E41ED814420087E639 /* MAPAirportList.app */;
			productType = "com.apple.product-type.application";
		};
/* End PBXNativeTarget section */

/* Begin PBXProject section */
		9E4F63DC1ED814420087E639 /* Project object */ = {
			isa = PBXProject;
			attributes = {
				LastSwiftUpdateCheck = 0820;
				LastUpgradeCheck = 0820;
				ORGANIZATIONNAME = Salim;
				TargetAttributes = {
					9E4F63E31ED814420087E639 = {
						CreatedOnToolsVersion = 8.2.1;
						ProvisioningStyle = Automatic;
					};
				};
			};
			buildConfigurationList = 9E4F63DF1ED814420087E639 /* Build configuration list for PBXProject "MAPAirportList" */;
			compatibilityVersion = "Xcode 3.2";
			developmentRegion = English;
			hasScannedForEncodings = 0;
			knownRegions = (
				en,
				Base,
			);
			mainGroup = 9E4F63DB1ED814420087E639;
			productRefGroup = 9E4F63E51ED814420087E639 /* Products */;
			projectDirPath = "";
			projectRoot = "";
			targets = (
				9E4F63E31ED814420087E639 /* MAPAirportList */,
			);
		};
/* End PBXProject section */

/* Begin PBXResourcesBuildPhase section */
		9E4F63E21ED814420087E639 /* Resources */ = {
			isa = PBXResourcesBuildPhase;
			buildActionMask = 2147483647;
			files = (
				9E98542A1EFE6AEE00AF217B /* LAX.jpg in Resources */,
				9E9854291EFE6AEE00AF217B /* NRT.jpg in Resources */,
				9E98542B1EFE6AEE00AF217B /* SFO.jpg in Resources */,
				9E9854271EFE6AEE00AF217B /* SIN.jpg in Resources */,
				9E9854201EFE6AEE00AF217B /* PEK.jpg in Resources */,
				9E9854081EFE6AEE00AF217B /* KUL.jpg in Resources */,
				9E9854221EFE6AEE00AF217B /* HKG.jpg in Resources */,
				9E9854051EFE6AEE00AF217B /* GMP.jpg in Resources */,
				9E9854091EFE6AEE00AF217B /* IAH.jpg in Resources */,
				9E98541F1EFE6AEE00AF217B /* PVG.jpg in Resources */,
				9E9854191EFE6AEE00AF217B /* FRA.jpg in Resources */,
				9E9854141EFE6AEE00AF217B /* SYD.jpg in Resources */,
				9E9854161EFE6AEE00AF217B /* CTS.jpg in Resources */,
				9E98540A1EFE6AEE00AF217B /* ORD.jpg in Resources */,
				9E4F63F21ED814420087E639 /* LaunchScreen.storyboard in Resources */,
				9E9854061EFE6AEE00AF217B /* IAD.jpg in Resources */,
				9E98541A1EFE6AEE00AF217B /* BKK.jpg in Resources */,
				9E9854101EFE6AEE00AF217B /* DTW.jpg in Resources */,
				9E9854171EFE6AEE00AF217B /* OKA.jpg in Resources */,
				9E98540E1EFE6AEE00AF217B /* DME.jpg in Resources */,
				9E9854151EFE6AEE00AF217B /* YVR.jpg in Resources */,
				9E98540B1EFE6AEE00AF217B /* TSA.jpg in Resources */,
				9E9854231EFE6AEE00AF217B /* KIX.jpg in Resources */,
				9E98541B1EFE6AEE00AF217B /* AMS.jpg in Resources */,
				9E9854111EFE6AEE00AF217B /* ATL.jpg in Resources */,
				9E9854071EFE6AEE00AF217B /* MUC.jpg in Resources */,
				9E9854031EFE6AEE00AF217B /* MNL.jpg in Resources */,
				9E9854041EFE6AEE00AF217B /* airports.plist in Resources */,
				9E4F63EF1ED814420087E639 /* Assets.xcassets in Resources */,
				9E98541D1EFE6AEE00AF217B /* TPE.jpg in Resources */,
				9E98540C1EFE6AEE00AF217B /* YYZ.jpg in Resources */,
				9E9854251EFE6AEE00AF217B /* JFK.jpg in Resources */,
				9E9854281EFE6AEE00AF217B /* HND.jpg in Resources */,
				9E98540D1EFE6AEE00AF217B /* EDI.jpg in Resources */,
				9E98541C1EFE6AEE00AF217B /* CKG.jpg in Resources */,
				9E9854261EFE6AEE00AF217B /* KHH.jpg in Resources */,
				9E9854131EFE6AEE00AF217B /* CDG.jpg in Resources */,
				9E9854121EFE6AEE00AF217B /* SEA.jpg in Resources */,
				9E98540F1EFE6AEE00AF217B /* SVO.jpg in Resources */,
				9E9854241EFE6AEE00AF217B /* LHR.jpg in Resources */,
				9E9854181EFE6AEE00AF217B /* NGO.jpg in Resources */,
				9E98541E1EFE6AEE00AF217B /* CAN.jpg in Resources */,
				9E9854211EFE6AEE00AF217B /* ICN.jpg in Resources */,
				9E4F63ED1ED814420087E639 /* Main.storyboard in Resources */,
			);
			runOnlyForDeploymentPostprocessing = 0;
		};
/* End PBXResourcesBuildPhase section */

/* Begin PBXSourcesBuildPhase section */
		9E4F63E01ED814420087E639 /* Sources */ = {
			isa = PBXSourcesBuildPhase;
			buildActionMask = 2147483647;
			files = (
				9E99B7EE1EDDA0930012997C /* AirportShownViewController.swift in Sources */,
				9E4F63E81ED814420087E639 /* AppDelegate.swift in Sources */,
				9E4F63FA1ED814920087E639 /* ListTableViewController.swift in Sources */,
			);
			runOnlyForDeploymentPostprocessing = 0;
		};
/* End PBXSourcesBuildPhase section */

/* Begin PBXVariantGroup section */
		9E4F63EB1ED814420087E639 /* Main.storyboard */ = {
			isa = PBXVariantGroup;
			children = (
				9E4F63EC1ED814420087E639 /* Base */,
			);
			name = Main.storyboard;
			sourceTree = "<group>";
		};
		9E4F63F01ED814420087E639 /* LaunchScreen.storyboard */ = {
			isa = PBXVariantGroup;
			children = (
				9E4F63F11ED814420087E639 /* Base */,
			);
			name = LaunchScreen.storyboard;
			sourceTree = "<group>";
		};
/* End PBXVariantGroup section */

/* Begin XCBuildConfiguration section */
		9E4F63F41ED814420087E639 /* Debug */ = {
			isa = XCBuildConfiguration;
			buildSettings = {
				ALWAYS_SEARCH_USER_PATHS = NO;
				CLANG_ANALYZER_NONNULL = YES;
				CLANG_CXX_LANGUAGE_STANDARD = "gnu++0x";
				CLANG_CXX_LIBRARY = "libc++";
				CLANG_ENABLE_MODULES = YES;
				CLANG_ENABLE_OBJC_ARC = YES;
				CLANG_WARN_BOOL_CONVERSION = YES;
				CLANG_WARN_CONSTANT_CONVERSION = YES;
				CLANG_WARN_DIRECT_OBJC_ISA_USAGE = YES_ERROR;
				CLANG_WARN_DOCUMENTATION_COMMENTS = YES;
				CLANG_WARN_EMPTY_BODY = YES;
				CLANG_WARN_ENUM_CONVERSION = YES;
				CLANG_WARN_INFINITE_RECURSION = YES;
				CLANG_WARN_INT_CONVERSION = YES;
				CLANG_WARN_OBJC_ROOT_CLASS = YES_ERROR;
				CLANG_WARN_SUSPICIOUS_MOVE = YES;
				CLANG_WARN_UNREACHABLE_CODE = YES;
				CLANG_WARN__DUPLICATE_METHOD_MATCH = YES;
				"CODE_SIGN_IDENTITY[sdk=iphoneos*]" = "iPhone Developer";
				COPY_PHASE_STRIP = NO;
				DEBUG_INFORMATION_FORMAT = dwarf;
				ENABLE_STRICT_OBJC_MSGSEND = YES;
				ENABLE_TESTABILITY = YES;
				GCC_C_LANGUAGE_STANDARD = gnu99;
				GCC_DYNAMIC_NO_PIC = NO;
				GCC_NO_COMMON_BLOCKS = YES;
				GCC_OPTIMIZATION_LEVEL = 0;
				GCC_PREPROCESSOR_DEFINITIONS = (
					"DEBUG=1",
					"$(inherited)",
				);
				GCC_WARN_64_TO_32_BIT_CONVERSION = YES;
				GCC_WARN_ABOUT_RETURN_TYPE = YES_ERROR;
				GCC_WARN_UNDECLARED_SELECTOR = YES;
				GCC_WARN_UNINITIALIZED_AUTOS = YES_AGGRESSIVE;
				GCC_WARN_UNUSED_FUNCTION = YES;
				GCC_WARN_UNUSED_VARIABLE = YES;
				IPHONEOS_DEPLOYMENT_TARGET = 10.2;
				MTL_ENABLE_DEBUG_INFO = YES;
				ONLY_ACTIVE_ARCH = YES;
				SDKROOT = iphoneos;
				SWIFT_ACTIVE_COMPILATION_CONDITIONS = DEBUG;
				SWIFT_OPTIMIZATION_LEVEL = "-Onone";
			};
			name = Debug;
		};
		9E4F63F51ED814420087E639 /* Release */ = {
			isa = XCBuildConfiguration;
			buildSettings = {
				ALWAYS_SEARCH_USER_PATHS = NO;
				CLANG_ANALYZER_NONNULL = YES;
				CLANG_CXX_LANGUAGE_STANDARD = "gnu++0x";
				CLANG_CXX_LIBRARY = "libc++";
				CLANG_ENABLE_MODULES = YES;
				CLANG_ENABLE_OBJC_ARC = YES;
				CLANG_WARN_BOOL_CONVERSION = YES;
				CLANG_WARN_CONSTANT_CONVERSION = YES;
				CLANG_WARN_DIRECT_OBJC_ISA_USAGE = YES_ERROR;
				CLANG_WARN_DOCUMENTATION_COMMENTS = YES;
				CLANG_WARN_EMPTY_BODY = YES;
				CLANG_WARN_ENUM_CONVERSION = YES;
				CLANG_WARN_INFINITE_RECURSION = YES;
				CLANG_WARN_INT_CONVERSION = YES;
				CLANG_WARN_OBJC_ROOT_CLASS = YES_ERROR;
				CLANG_WARN_SUSPICIOUS_MOVE = YES;
				CLANG_WARN_UNREACHABLE_CODE = YES;
				CLANG_WARN__DUPLICATE_METHOD_MATCH = YES;
				"CODE_SIGN_IDENTITY[sdk=iphoneos*]" = "iPhone Developer";
				COPY_PHASE_STRIP = NO;
				DEBUG_INFORMATION_FORMAT = "dwarf-with-dsym";
				ENABLE_NS_ASSERTIONS = NO;
				ENABLE_STRICT_OBJC_MSGSEND = YES;
				GCC_C_LANGUAGE_STANDARD = gnu99;
				GCC_NO_COMMON_BLOCKS = YES;
				GCC_WARN_64_TO_32_BIT_CONVERSION = YES;
				GCC_WARN_ABOUT_RETURN_TYPE = YES_ERROR;
				GCC_WARN_UNDECLARED_SELECTOR = YES;
				GCC_WARN_UNINITIALIZED_AUTOS = YES_AGGRESSIVE;
				GCC_WARN_UNUSED_FUNCTION = YES;
				GCC_WARN_UNUSED_VARIABLE = YES;
				IPHONEOS_DEPLOYMENT_TARGET = 10.2;
				MTL_ENABLE_DEBUG_INFO = NO;
				SDKROOT = iphoneos;
				SWIFT_OPTIMIZATION_LEVEL = "-Owholemodule";
				VALIDATE_PRODUCT = YES;
			};
			name = Release;
		};
		9E4F63F71ED814420087E639 /* Debug */ = {
			isa = XCBuildConfiguration;
			buildSettings = {
				ASSETCATALOG_COMPILER_APPICON_NAME = AppIcon;
				INFOPLIST_FILE = MAPAirportList/Info.plist;
				LD_RUNPATH_SEARCH_PATHS = "$(inherited) @executable_path/Frameworks";
				PRODUCT_BUNDLE_IDENTIFIER = Salim.MAPAirportList;
				PRODUCT_NAME = "$(TARGET_NAME)";
				SWIFT_VERSION = 3.0;
			};
			name = Debug;
		};
		9E4F63F81ED814420087E639 /* Release */ = {
			isa = XCBuildConfiguration;
			buildSettings = {
				ASSETCATALOG_COMPILER_APPICON_NAME = AppIcon;
				INFOPLIST_FILE = MAPAirportList/Info.plist;
				LD_RUNPATH_SEARCH_PATHS = "$(inherited) @executable_path/Frameworks";
				PRODUCT_BUNDLE_IDENTIFIER = Salim.MAPAirportList;
				PRODUCT_NAME = "$(TARGET_NAME)";
				SWIFT_VERSION = 3.0;
			};
			name = Release;
		};
/* End XCBuildConfiguration section */

/* Begin XCConfigurationList section */
		9E4F63DF1ED814420087E639 /* Build configuration list for PBXProject "MAPAirportList" */ = {
			isa = XCConfigurationList;
			buildConfigurations = (
				9E4F63F41ED814420087E639 /* Debug */,
				9E4F63F51ED814420087E639 /* Release */,
			);
			defaultConfigurationIsVisible = 0;
			defaultConfigurationName = Release;
		};
		9E4F63F61ED814420087E639 /* Build configuration list for PBXNativeTarget "MAPAirportList" */ = {
			isa = XCConfigurationList;
			buildConfigurations = (
				9E4F63F71ED814420087E639 /* Debug */,
				9E4F63F81ED814420087E639 /* Release */,
			);
			defaultConfigurationIsVisible = 0;
			defaultConfigurationName = Release;
		};
/* End XCConfigurationList section */
	};
	rootObject = 9E4F63DC1ED814420087E639 /* Project object */;
}
